
Microsoft Visual Studio Solution File, Format Version 12.00
# Visual Studio Version 16
VisualStudioVersion = 16.0.29613.14
MinimumVisualStudioVersion = 10.0.40219.1
Project("{FAE04EC0-301F-11D3-BF4B-00C04F79EFBC}") = "ToDoApp.Android", "ToDoApp\ToDoApp.Android\ToDoApp.Android.csproj", "{BF8ACEFE-DC05-4347-AD31-9176385193DC}"
EndProject
Project("{FAE04EC0-301F-11D3-BF4B-00C04F79EFBC}") = "ToDoApp.iOS", "ToDoApp\ToDoApp.iOS\ToDoApp.iOS.csproj", "{56BBCC23-1D5B-4BAE-BB12-813156601A8F}"
EndProject
Project("{9A19103F-16F7-4668-BE54-9A1E7A4F7556}") = "ToDoApp", "ToDoApp\ToDoApp\ToDoApp.csproj", "{A5B1B286-ED5C-4373-BBA8-66421CF8F44C}"
EndProject
Project("{FAE04EC0-301F-11D3-BF4B-00C04F79EFBC}") = "UnitTestProject", "UnitTestProject\UnitTestProject.csproj", "{3A1187BD-E075-4317-AFDA-55E09EBB81B6}"
EndProject
Global
	GlobalSection(SolutionConfigurationPlatforms) = preSolution
		Debug|Any CPU = Debug|Any CPU
		Debug|iPhone = Debug|iPhone
		Debug|iPhoneSimulator = Debug|iPhoneSimulator
		Release|Any CPU = Release|Any CPU
		Release|iPhone = Release|iPhone
		Release|iPhoneSimulator = Release|iPhoneSimulator
	EndGlobalSection
	GlobalSection(ProjectConfigurationPlatforms) = postSolution
		{BF8ACEFE-DC05-4347-AD31-9176385193DC}.Debug|Any CPU.ActiveCfg = Debug|Any CPU
		{BF8ACEFE-DC05-4347-AD31-9176385193DC}.Debug|Any CPU.Build.0 = Debug|Any CPU
		{BF8ACEFE-DC05-4347-AD31-9176385193DC}.Debug|Any CPU.Deploy.0 = Debug|Any CPU
		{BF8ACEFE-DC05-4347-AD31-9176385193DC}.Debug|iPhone.ActiveCfg = Debug|Any CPU
		{BF8ACEFE-DC05-4347-AD31-9176385193DC}.Debug|iPhone.Build.0 = Debug|Any CPU
		{BF8ACEFE-DC05-4347-AD31-9176385193DC}.Debug|iPhone.Deploy.0 = Debug|Any CPU
		{BF8ACEFE-DC05-4347-AD31-9176385193DC}.Debug|iPhoneSimulator.ActiveCfg = Debug|Any CPU
		{BF8ACEFE-DC05-4347-AD31-9176385193DC}.Debug|iPhoneSimulator.Build.0 = Debug|Any CPU
		{BF8ACEFE-DC05-4347-AD31-9176385193DC}.Debug|iPhoneSimulator.Deploy.0 = Debug|Any CPU
		{BF8ACEFE-DC05-4347-AD31-9176385193DC}.Release|Any CPU.ActiveCfg = Release|Any CPU
		{BF8ACEFE-DC05-4347-AD31-9176385193DC}.Release|Any CPU.Build.0 = Release|Any CPU
		{BF8ACEFE-DC05-4347-AD31-9176385193DC}.Release|Any CPU.Deploy.0 = Release|Any CPU
		{BF8ACEFE-DC05-4347-AD31-9176385193DC}.Release|iPhone.ActiveCfg = Release|Any CPU
		{BF8ACEFE-DC05-4347-AD31-9176385193DC}.Release|iPhone.Build.0 = Release|Any CPU
		{BF8ACEFE-DC05-4347-AD31-9176385193DC}.Release|iPhone.Deploy.0 = Release|Any CPU
		{BF8ACEFE-DC05-4347-AD31-9176385193DC}.Release|iPhoneSimulator.ActiveCfg = Release|Any CPU
		{BF8ACEFE-DC05-4347-AD31-9176385193DC}.Release|iPhoneSimulator.Build.0 = Release|Any CPU
		{BF8ACEFE-DC05-4347-AD31-9176385193DC}.Release|iPhoneSimulator.Deploy.0 = Release|Any CPU
		{56BBCC23-1D5B-4BAE-BB12-813156601A8F}.Debug|Any CPU.ActiveCfg = Debug|iPhoneSimulator
		{56BBCC23-1D5B-4BAE-BB12-813156601A8F}.Debug|Any CPU.Build.0 = Debug|iPhoneSimulator
		{56BBCC23-1D5B-4BAE-BB12-813156601A8F}.Debug|Any CPU.Deploy.0 = Debug|iPhoneSimulator
		{56BBCC23-1D5B-4BAE-BB12-813156601A8F}.Debug|iPhone.ActiveCfg = Debug|iPhone
		{56BBCC23-1D5B-4BAE-BB12-813156601A8F}.Debug|iPhone.Build.0 = Debug|iPhone
		{56BBCC23-1D5B-4BAE-BB12-813156601A8F}.Debug|iPhone.Deploy.0 = Debug|iPhone
		{56BBCC23-1D5B-4BAE-BB12-813156601A8F}.Debug|iPhoneSimulator.ActiveCfg = Debug|iPhoneSimulator
		{56BBCC23-1D5B-4BAE-BB12-813156601A8F}.Debug|iPhoneSimulator.Build.0 = Debug|iPhoneSimulator
		{56BBCC23-1D5B-4BAE-BB12-813156601A8F}.Debug|iPhoneSimulator.Deploy.0 = Debug|iPhoneSimulator
		{56BBCC23-1D5B-4BAE-BB12-813156601A8F}.Release|Any CPU.ActiveCfg = Release|iPhone
		{56BBCC23-1D5B-4BAE-BB12-813156601A8F}.Release|Any CPU.Build.0 = Release|iPhone
		{56BBCC23-1D5B-4BAE-BB12-813156601A8F}.Release|Any CPU.Deploy.0 = Release|iPhone
		{56BBCC23-1D5B-4BAE-BB12-813156601A8F}.Release|iPhone.ActiveCfg = Release|iPhone
		{56BBCC23-1D5B-4BAE-BB12-813156601A8F}.Release|iPhone.Build.0 = Release|iPhone
		{56BBCC23-1D5B-4BAE-BB12-813156601A8F}.Release|iPhone.Deploy.0 = Release|iPhone
		{56BBCC23-1D5B-4BAE-BB12-813156601A8F}.Release|iPhoneSimulator.ActiveCfg = Release|iPhoneSimulator
		{56BBCC23-1D5B-4BAE-BB12-813156601A8F}.Release|iPhoneSimulator.Build.0 = Release|iPhoneSimulator
		{56BBCC23-1D5B-4BAE-BB12-813156601A8F}.Release|iPhoneSimulator.Deploy.0 = Release|iPhoneSimulator
		{A5B1B286-ED5C-4373-BBA8-66421CF8F44C}.Debug|Any CPU.ActiveCfg = Debug|Any CPU
		{A5B1B286-ED5C-4373-BBA8-66421CF8F44C}.Debug|Any CPU.Build.0 = Debug|Any CPU
		{A5B1B286-ED5C-4373-BBA8-66421CF8F44C}.Debug|Any CPU.Deploy.0 = Debug|Any CPU
		{A5B1B286-ED5C-4373-BBA8-66421CF8F44C}.Debug|iPhone.ActiveCfg = Debug|Any CPU
		{A5B1B286-ED5C-4373-BBA8-66421CF8F44C}.Debug|iPhone.Build.0 = Debug|Any CPU
		{A5B1B286-ED5C-4373-BBA8-66421CF8F44C}.Debug|iPhone.Deploy.0 = Debug|Any CPU
		{A5B1B286-ED5C-4373-BBA8-66421CF8F44C}.Debug|iPhoneSimulator.ActiveCfg = Debug|Any CPU
		{A5B1B286-ED5C-4373-BBA8-66421CF8F44C}.Debug|iPhoneSimulator.Build.0 = Debug|Any CPU
		{A5B1B286-ED5C-4373-BBA8-66421CF8F44C}.Debug|iPhoneSimulator.Deploy.0 = Debug|Any CPU
		{A5B1B286-ED5C-4373-BBA8-66421CF8F44C}.Release|Any CPU.ActiveCfg = Release|Any CPU
		{A5B1B286-ED5C-4373-BBA8-66421CF8F44C}.Release|Any CPU.Build.0 = Release|Any CPU
		{A5B1B286-ED5C-4373-BBA8-66421CF8F44C}.Release|Any CPU.Deploy.0 = Release|Any CPU
		{A5B1B286-ED5C-4373-BBA8-66421CF8F44C}.Release|iPhone.ActiveCfg = Release|Any CPU
		{A5B1B286-ED5C-4373-BBA8-66421CF8F44C}.Release|iPhone.Build.0 = Release|Any CPU
		{A5B1B286-ED5C-4373-BBA8-66421CF8F44C}.Release|iPhone.Deploy.0 = Release|Any CPU
		{A5B1B286-ED5C-4373-BBA8-66421CF8F44C}.Release|iPhoneSimulator.ActiveCfg = Release|Any CPU
		{A5B1B286-ED5C-4373-BBA8-66421CF8F44C}.Release|iPhoneSimulator.Build.0 = Release|Any CPU
		{A5B1B286-ED5C-4373-BBA8-66421CF8F44C}.Release|iPhoneSimulator.Deploy.0 = Release|Any CPU
		{3A1187BD-E075-4317-AFDA-55E09EBB81B6}.Debug|Any CPU.ActiveCfg = Debug|Any CPU
		{3A1187BD-E075-4317-AFDA-55E09EBB81B6}.Debug|Any CPU.Build.0 = Debug|Any CPU
		{3A1187BD-E075-4317-AFDA-55E09EBB81B6}.Debug|iPhone.ActiveCfg = Debug|Any CPU
		{3A1187BD-E075-4317-AFDA-55E09EBB81B6}.Debug|iPhone.Build.0 = Debug|Any CPU
		{3A1187BD-E075-4317-AFDA-55E09EBB81B6}.Debug|iPhoneSimulator.ActiveCfg = Debug|Any CPU
		{3A1187BD-E075-4317-AFDA-55E09EBB81B6}.Debug|iPhoneSimulator.Build.0 = Debug|Any CPU
		{3A1187BD-E075-4317-AFDA-55E09EBB81B6}.Release|Any CPU.ActiveCfg = Release|Any CPU
		{3A1187BD-E075-4317-AFDA-55E09EBB81B6}.Release|Any CPU.Build.0 = Release|Any CPU
		{3A1187BD-E075-4317-AFDA-55E09EBB81B6}.Release|iPhone.ActiveCfg = Release|Any CPU
		{3A1187BD-E075-4317-AFDA-55E09EBB81B6}.Release|iPhone.Build.0 = Release|Any CPU
		{3A1187BD-E075-4317-AFDA-55E09EBB81B6}.Release|iPhoneSimulator.ActiveCfg = Release|Any CPU
		{3A1187BD-E075-4317-AFDA-55E09EBB81B6}.Release|iPhoneSimulator.Build.0 = Release|Any CPU
	EndGlobalSection
	GlobalSection(SolutionProperties) = preSolution
		HideSolutionNode = FALSE
	EndGlobalSection
	GlobalSection(ExtensibilityGlobals) = postSolution
		SolutionGuid = {6ABE865F-BADB-4E49-9E9F-D2810FE2043F}
	EndGlobalSection
EndGlobal
